
Microsoft Visual Studio Solution File, Format Version 12.00
# Visual Studio Version 16
VisualStudioVersion = 16.0.32630.194
MinimumVisualStudioVersion = 10.0.40219.1
Project("{FAE04EC0-301F-11D3-BF4B-00C04F79EFBC}") = "ClassLibrary1", "ClassLibrary1\ClassLibrary1.csproj", "{AF44FE45-CDC3-47B8-A3E2-BF999A1D5EA1}"
EndProject
Project("{FAE04EC0-301F-11D3-BF4B-00C04F79EFBC}") = "miForm", "miForm\miForm.csproj", "{E0800113-FFF3-4EE5-86B7-6B460F43AC27}"
EndProject
Global
	GlobalSection(SolutionConfigurationPlatforms) = preSolution
		Debug|Any CPU = Debug|Any CPU
		Release|Any CPU = Release|Any CPU
	EndGlobalSection
	GlobalSection(ProjectConfigurationPlatforms) = postSolution
		{AF44FE45-CDC3-47B8-A3E2-BF999A1D5EA1}.Debug|Any CPU.ActiveCfg = Debug|Any CPU
		{AF44FE45-CDC3-47B8-A3E2-BF999A1D5EA1}.Debug|Any CPU.Build.0 = Debug|Any CPU
		{AF44FE45-CDC3-47B8-A3E2-BF999A1D5EA1}.Release|Any CPU.ActiveCfg = Release|Any CPU
		{AF44FE45-CDC3-47B8-A3E2-BF999A1D5EA1}.Release|Any CPU.Build.0 = Release|Any CPU
		{E0800113-FFF3-4EE5-86B7-6B460F43AC27}.Debug|Any CPU.ActiveCfg = Debug|Any CPU
		{E0800113-FFF3-4EE5-86B7-6B460F43AC27}.Debug|Any CPU.Build.0 = Debug|Any CPU
		{E0800113-FFF3-4EE5-86B7-6B460F43AC27}.Release|Any CPU.ActiveCfg = Release|Any CPU
		{E0800113-FFF3-4EE5-86B7-6B460F43AC27}.Release|Any CPU.Build.0 = Release|Any CPU
	EndGlobalSection
	GlobalSection(SolutionProperties) = preSolution
		HideSolutionNode = FALSE
	EndGlobalSection
	GlobalSection(ExtensibilityGlobals) = postSolution
		SolutionGuid = {12DE2C92-F016-44C0-A9D2-5DF85799EE60}
	EndGlobalSection
EndGlobal
