
Microsoft Visual Studio Solution File, Format Version 12.00
# Visual Studio Version 16
VisualStudioVersion = 16.0.32630.194
MinimumVisualStudioVersion = 10.0.40219.1
Project("{FAE04EC0-301F-11D3-BF4B-00C04F79EFBC}") = "FrmFinal", "FrmFinal\FrmFinal.csproj", "{CE186957-7B3D-4990-ADFC-10A1E3FC7F0D}"
EndProject
Project("{FAE04EC0-301F-11D3-BF4B-00C04F79EFBC}") = "Entidades", "Entidades\Entidades.csproj", "{D53B70DA-4CEC-4388-8A50-F44042114106}"
EndProject
Project("{FAE04EC0-301F-11D3-BF4B-00C04F79EFBC}") = "Consola", "Consola\Consola.csproj", "{9372BF66-D783-41A7-A272-364B93E80C1D}"
EndProject
Project("{FAE04EC0-301F-11D3-BF4B-00C04F79EFBC}") = "UnitTest", "UnitTest\UnitTest.csproj", "{A787E491-07A3-4016-ABA2-3E1F25A0EDCD}"
EndProject
Global
	GlobalSection(SolutionConfigurationPlatforms) = preSolution
		Debug|Any CPU = Debug|Any CPU
		Release|Any CPU = Release|Any CPU
	EndGlobalSection
	GlobalSection(ProjectConfigurationPlatforms) = postSolution
		{CE186957-7B3D-4990-ADFC-10A1E3FC7F0D}.Debug|Any CPU.ActiveCfg = Debug|Any CPU
		{CE186957-7B3D-4990-ADFC-10A1E3FC7F0D}.Debug|Any CPU.Build.0 = Debug|Any CPU
		{CE186957-7B3D-4990-ADFC-10A1E3FC7F0D}.Release|Any CPU.ActiveCfg = Release|Any CPU
		{CE186957-7B3D-4990-ADFC-10A1E3FC7F0D}.Release|Any CPU.Build.0 = Release|Any CPU
		{D53B70DA-4CEC-4388-8A50-F44042114106}.Debug|Any CPU.ActiveCfg = Debug|Any CPU
		{D53B70DA-4CEC-4388-8A50-F44042114106}.Debug|Any CPU.Build.0 = Debug|Any CPU
		{D53B70DA-4CEC-4388-8A50-F44042114106}.Release|Any CPU.ActiveCfg = Release|Any CPU
		{D53B70DA-4CEC-4388-8A50-F44042114106}.Release|Any CPU.Build.0 = Release|Any CPU
		{9372BF66-D783-41A7-A272-364B93E80C1D}.Debug|Any CPU.ActiveCfg = Debug|Any CPU
		{9372BF66-D783-41A7-A272-364B93E80C1D}.Debug|Any CPU.Build.0 = Debug|Any CPU
		{9372BF66-D783-41A7-A272-364B93E80C1D}.Release|Any CPU.ActiveCfg = Release|Any CPU
		{9372BF66-D783-41A7-A272-364B93E80C1D}.Release|Any CPU.Build.0 = Release|Any CPU
		{A787E491-07A3-4016-ABA2-3E1F25A0EDCD}.Debug|Any CPU.ActiveCfg = Debug|Any CPU
		{A787E491-07A3-4016-ABA2-3E1F25A0EDCD}.Debug|Any CPU.Build.0 = Debug|Any CPU
		{A787E491-07A3-4016-ABA2-3E1F25A0EDCD}.Release|Any CPU.ActiveCfg = Release|Any CPU
		{A787E491-07A3-4016-ABA2-3E1F25A0EDCD}.Release|Any CPU.Build.0 = Release|Any CPU
	EndGlobalSection
	GlobalSection(SolutionProperties) = preSolution
		HideSolutionNode = FALSE
	EndGlobalSection
	GlobalSection(ExtensibilityGlobals) = postSolution
		SolutionGuid = {D29CFC6B-4D67-4F98-BC7E-B1AAB9D88F63}
	EndGlobalSection
EndGlobal
