
Microsoft Visual Studio Solution File, Format Version 12.00
# Visual Studio Version 16
VisualStudioVersion = 16.0.32630.194
MinimumVisualStudioVersion = 10.0.40219.1
Project("{FAE04EC0-301F-11D3-BF4B-00C04F79EFBC}") = "VistaForm", "VistaForm\VistaForm.csproj", "{A7AEB5D5-63B2-4F05-9790-AC596F44EFBD}"
EndProject
Project("{FAE04EC0-301F-11D3-BF4B-00C04F79EFBC}") = "Entidades", "Entidades\Entidades.csproj", "{7C424FCB-E752-4177-A968-76C752894748}"
EndProject
Project("{FAE04EC0-301F-11D3-BF4B-00C04F79EFBC}") = "Consola", "Consola\Consola.csproj", "{72ABE69D-4E96-470A-BC78-71B2CA9883F8}"
EndProject
Global
	GlobalSection(SolutionConfigurationPlatforms) = preSolution
		Debug|Any CPU = Debug|Any CPU
		Release|Any CPU = Release|Any CPU
	EndGlobalSection
	GlobalSection(ProjectConfigurationPlatforms) = postSolution
		{A7AEB5D5-63B2-4F05-9790-AC596F44EFBD}.Debug|Any CPU.ActiveCfg = Debug|Any CPU
		{A7AEB5D5-63B2-4F05-9790-AC596F44EFBD}.Debug|Any CPU.Build.0 = Debug|Any CPU
		{A7AEB5D5-63B2-4F05-9790-AC596F44EFBD}.Release|Any CPU.ActiveCfg = Release|Any CPU
		{A7AEB5D5-63B2-4F05-9790-AC596F44EFBD}.Release|Any CPU.Build.0 = Release|Any CPU
		{7C424FCB-E752-4177-A968-76C752894748}.Debug|Any CPU.ActiveCfg = Debug|Any CPU
		{7C424FCB-E752-4177-A968-76C752894748}.Debug|Any CPU.Build.0 = Debug|Any CPU
		{7C424FCB-E752-4177-A968-76C752894748}.Release|Any CPU.ActiveCfg = Release|Any CPU
		{7C424FCB-E752-4177-A968-76C752894748}.Release|Any CPU.Build.0 = Release|Any CPU
		{72ABE69D-4E96-470A-BC78-71B2CA9883F8}.Debug|Any CPU.ActiveCfg = Debug|Any CPU
		{72ABE69D-4E96-470A-BC78-71B2CA9883F8}.Debug|Any CPU.Build.0 = Debug|Any CPU
		{72ABE69D-4E96-470A-BC78-71B2CA9883F8}.Release|Any CPU.ActiveCfg = Release|Any CPU
		{72ABE69D-4E96-470A-BC78-71B2CA9883F8}.Release|Any CPU.Build.0 = Release|Any CPU
	EndGlobalSection
	GlobalSection(SolutionProperties) = preSolution
		HideSolutionNode = FALSE
	EndGlobalSection
	GlobalSection(ExtensibilityGlobals) = postSolution
		SolutionGuid = {EE6FC94E-B28E-457A-8DD0-B483FFE21A31}
	EndGlobalSection
EndGlobal
